<?xml version="1.0" encoding="utf-8"?>
<Project xmlns="http://schemas.microsoft.com/developer/msbuild/2003">
  <ItemGroup>
    <Filter Include="Generated Files">
      <UniqueIdentifier>{71ED8ED8-ACB9-4CE9-BBE1-E00B30144E11}</UniqueIdentifier>
      <Extensions>cpp;c;cxx;moc;h;def;odl;idl;res;</Extensions>
    </Filter>
    <Filter Include="Generated Files">
      <UniqueIdentifier>{71ED8ED8-ACB9-4CE9-BBE1-E00B30144E11}</UniqueIdentifier>
      <Extensions>cpp;c;cxx;moc;h;def;odl;idl;res;</Extensions>
    </Filter>
    <Filter Include="Header Files">
      <UniqueIdentifier>{93995380-89BD-4b04-88EB-625FBE52EBFB}</UniqueIdentifier>
      <Extensions>h;hpp;hxx;hm;inl;inc;xsd</Extensions>
    </Filter>
    <Filter Include="Header Files">
      <UniqueIdentifier>{93995380-89BD-4b04-88EB-625FBE52EBFB}</UniqueIdentifier>
      <Extensions>h;hpp;hxx;hm;inl;inc;xsd</Extensions>
    </Filter>
    <Filter Include="Resource Files">
      <UniqueIdentifier>{D9D6E242-F8AF-46E4-B9FD-80ECBC20BA3E}</UniqueIdentifier>
      <Extensions>qrc;*</Extensions>
      <ParseFiles>false</ParseFiles>
    </Filter>
    <Filter Include="Resource Files">
      <UniqueIdentifier>{D9D6E242-F8AF-46E4-B9FD-80ECBC20BA3E}</UniqueIdentifier>
      <Extensions>qrc;*</Extensions>
      <ParseFiles>false</ParseFiles>
    </Filter>
    <Filter Include="Source Files">
      <UniqueIdentifier>{4FC737F1-C7A5-4376-A066-2A32D752A2FF}</UniqueIdentifier>
      <Extensions>cpp;c;cxx;def;odl;idl;hpj;bat;asm;asmx</Extensions>
    </Filter>
    <Filter Include="Source Files">
      <UniqueIdentifier>{4FC737F1-C7A5-4376-A066-2A32D752A2FF}</UniqueIdentifier>
      <Extensions>cpp;c;cxx;def;odl;idl;hpj;bat;asm;asmx</Extensions>
    </Filter>
  </ItemGroup>
  <ItemGroup>
    <ClCompile Include="src\HTreeWidget.cpp">
      <Filter>Source Files</Filter>
    </ClCompile>
    <ClCompile Include="src\QClickableLabel.cpp">
      <Filter>Source Files</Filter>
    </ClCompile>
    <ClCompile Include="src\QFlatPushButton.cpp">
      <Filter>Source Files</Filter>
    </ClCompile>
    <ClCompile Include="src\QtAwesome\QtAwesome.cpp">
      <Filter>Source Files</Filter>
    </ClCompile>
    <ClCompile Include="src\QtAwesome\QtAwesomeAnim.cpp">
      <Filter>Source Files</Filter>
    </ClCompile>
    <ClCompile Include="src\comboBox.cpp">
      <Filter>Source Files</Filter>
    </ClCompile>
    <ClCompile Include="src\fs.cpp">
      <Filter>Source Files</Filter>
    </ClCompile>
    <ClCompile Include="src\groupBox.cpp">
      <Filter>Source Files</Filter>
    </ClCompile>
    <ClCompile Include="src\helper.cpp">
      <Filter>Source Files</Filter>
    </ClCompile>
    <ClCompile Include="src\icon.cpp">
      <Filter>Source Files</Filter>
    </ClCompile>
    <ClCompile Include="src\json.cpp">
      <Filter>Source Files</Filter>
    </ClCompile>
    <ClCompile Include="src\path.cpp">
      <Filter>Source Files</Filter>
    </ClCompile>
  </ItemGroup>
  <ItemGroup>
    <ClInclude Include="src\HTreeWidget.h">
      <Filter>Header Files</Filter>
    </ClInclude>
    <QtMoc Include="src\QClickableLabel.h">
      <Filter>Header Files</Filter>
    </QtMoc>
    <QtMoc Include="src\QFlatPushButton.h">
      <Filter>Header Files</Filter>
    </QtMoc>
    <QtMoc Include="src\QtAwesome\QtAwesome.h">
      <Filter>Header Files</Filter>
    </QtMoc>
    <QtMoc Include="src\QtAwesome\QtAwesomeAnim.h">
      <Filter>Header Files</Filter>
    </QtMoc>
    <ClInclude Include="src\QtSignalBlocker.h">
      <Filter>Header Files</Filter>
    </ClInclude>
    <ClInclude Include="src\Qtlib.h">
      <Filter>Header Files</Filter>
    </ClInclude>
    <ClInclude Include="src\comboBox.h">
      <Filter>Header Files</Filter>
    </ClInclude>
    <ClInclude Include="src\cpplinq.hpp">
      <Filter>Header Files</Filter>
    </ClInclude>
    <ClInclude Include="src\fs.h">
      <Filter>Header Files</Filter>
    </ClInclude>
    <ClInclude Include="src\groupBox.h">
      <Filter>Header Files</Filter>
    </ClInclude>
    <ClInclude Include="src\helper.h">
      <Filter>Header Files</Filter>
    </ClInclude>
    <ClInclude Include="src\icon.h">
      <Filter>Header Files</Filter>
    </ClInclude>
    <ClInclude Include="src\json.h">
      <Filter>Header Files</Filter>
    </ClInclude>
    <ClInclude Include="src\path.h">
      <Filter>Header Files</Filter>
    </ClInclude>
    <ClInclude Include="src\qtlinq.h">
      <Filter>Header Files</Filter>
    </ClInclude>
  </ItemGroup>
  <ItemGroup>
    
    
    
    
    
    
    
    
    <CustomBuild Include="debug\moc_predefs.h.cbt">
      <Filter>Generated Files</Filter>
    </CustomBuild>
    <CustomBuild Include="release\moc_predefs.h.cbt">
      <Filter>Generated Files</Filter>
    </CustomBuild>
    
    
  </ItemGroup>
  <ItemGroup>
    <QtRcc Include="src\QtAwesome\QtAwesome.qrc">
      <Filter>Resource Files</Filter>
    </QtRcc>
    <None Include="src\QtAwesome\fonts\fontawesome-4.7.0.ttf">
      <Filter>Resource Files</Filter>
    </None>
  </ItemGroup>
</Project>