<?xml version="1.0" encoding="utf-8"?>
<Project xmlns="http://schemas.microsoft.com/developer/msbuild/2003">
  <ItemGroup>
    <Filter Include="Form Files">
      <UniqueIdentifier>{99349809-55BA-4b9d-BF79-8FDBB0286EB3}</UniqueIdentifier>
      <Extensions>ui</Extensions>
      <ParseFiles>false</ParseFiles>
    </Filter>
    <Filter Include="Form Files">
      <UniqueIdentifier>{99349809-55BA-4b9d-BF79-8FDBB0286EB3}</UniqueIdentifier>
      <Extensions>ui</Extensions>
      <ParseFiles>false</ParseFiles>
    </Filter>
    <Filter Include="Generated Files">
      <UniqueIdentifier>{71ED8ED8-ACB9-4CE9-BBE1-E00B30144E11}</UniqueIdentifier>
      <Extensions>cpp;c;cxx;moc;h;def;odl;idl;res;</Extensions>
    </Filter>
    <Filter Include="Generated Files">
      <UniqueIdentifier>{71ED8ED8-ACB9-4CE9-BBE1-E00B30144E11}</UniqueIdentifier>
      <Extensions>cpp;c;cxx;moc;h;def;odl;idl;res;</Extensions>
    </Filter>
    <Filter Include="Header Files">
      <UniqueIdentifier>{93995380-89BD-4b04-88EB-625FBE52EBFB}</UniqueIdentifier>
      <Extensions>h;hpp;hxx;hm;inl;inc;xsd</Extensions>
    </Filter>
    <Filter Include="Header Files">
      <UniqueIdentifier>{93995380-89BD-4b04-88EB-625FBE52EBFB}</UniqueIdentifier>
      <Extensions>h;hpp;hxx;hm;inl;inc;xsd</Extensions>
    </Filter>
    <Filter Include="Source Files">
      <UniqueIdentifier>{4FC737F1-C7A5-4376-A066-2A32D752A2FF}</UniqueIdentifier>
      <Extensions>cpp;c;cxx;def;odl;idl;hpj;bat;asm;asmx</Extensions>
    </Filter>
    <Filter Include="Source Files">
      <UniqueIdentifier>{4FC737F1-C7A5-4376-A066-2A32D752A2FF}</UniqueIdentifier>
      <Extensions>cpp;c;cxx;def;odl;idl;hpj;bat;asm;asmx</Extensions>
    </Filter>
  </ItemGroup>
  <ItemGroup>
    <ClCompile Include="src\DarkWindow.cpp">
      <Filter>Source Files</Filter>
    </ClCompile>
    <ClCompile Include="src\HCheckBox.cpp">
      <Filter>Source Files</Filter>
    </ClCompile>
    <ClCompile Include="src\HClickableLabel.cpp">
      <Filter>Source Files</Filter>
    </ClCompile>
    <ClCompile Include="src\HComboBox.cpp">
      <Filter>Source Files</Filter>
    </ClCompile>
    <ClCompile Include="src\HFlatPushButton.cpp">
      <Filter>Source Files</Filter>
    </ClCompile>
    <ClCompile Include="src\HFramelessWindow.cpp">
      <Filter>Source Files</Filter>
    </ClCompile>
    <ClCompile Include="src\HFusionStyle.cpp">
      <Filter>Source Files</Filter>
    </ClCompile>
    <ClCompile Include="src\HLogView.cpp">
      <Filter>Source Files</Filter>
    </ClCompile>
    <ClCompile Include="src\HTreeWidget.cpp">
      <Filter>Source Files</Filter>
    </ClCompile>
    <ClCompile Include="src\ui\UIFilePathBox.cpp">
      <Filter>Source Files</Filter>
    </ClCompile>
    <ClCompile Include="src\ui\UIFolderPathBox.cpp">
      <Filter>Source Files</Filter>
    </ClCompile>
    <ClCompile Include="src\ui\UIStatusBar.cpp">
      <Filter>Source Files</Filter>
    </ClCompile>
    <ClCompile Include="src\comboBox.cpp">
      <Filter>Source Files</Filter>
    </ClCompile>
    <ClCompile Include="src\fs.cpp">
      <Filter>Source Files</Filter>
    </ClCompile>
    <ClCompile Include="src\helper.cpp">
      <Filter>Source Files</Filter>
    </ClCompile>
    <ClCompile Include="src\icon.cpp">
      <Filter>Source Files</Filter>
    </ClCompile>
    <ClCompile Include="src\json.cpp">
      <Filter>Source Files</Filter>
    </ClCompile>
    <ClCompile Include="src\path.cpp">
      <Filter>Source Files</Filter>
    </ClCompile>
    <ClCompile Include="src\widgets.cpp">
      <Filter>Source Files</Filter>
    </ClCompile>
  </ItemGroup>
  <ItemGroup>
    <QtMoc Include="src\DarkWindow.h">
      <Filter>Source Files</Filter>
    </QtMoc>
    <QtMoc Include="src\HCheckBox.h">
      <Filter>Source Files</Filter>
    </QtMoc>
    <QtMoc Include="src\HClickableLabel.h">
      <Filter>Source Files</Filter>
    </QtMoc>
    <QtMoc Include="src\HComboBox.h">
      <Filter>Source Files</Filter>
    </QtMoc>
    <QtMoc Include="src\HFlatPushButton.h">
      <Filter>Source Files</Filter>
    </QtMoc>
    <ClInclude Include="src\HSignalBlocker.h">
      <Filter>Source Files</Filter>
    </ClInclude>
    <ClInclude Include="src\HTreeWidget.h">
      <Filter>Source Files</Filter>
    </ClInclude>
    <ClInclude Include="src\HWorker.h">
      <Filter>Source Files</Filter>
    </ClInclude>
    <ClInclude Include="src\icon.h">
      <Filter>Source Files</Filter>
    </ClInclude>
    <ClInclude Include="src\IConfigChanged.h">
      <Filter>Source Files</Filter>
    </ClInclude>
    <ClInclude Include="src\json.h">
      <Filter>Source Files</Filter>
    </ClInclude>
    <ClInclude Include="src\path.h">
      <Filter>Source Files</Filter>
    </ClInclude>
    <QtMoc Include="src\ui\UIFilePathBox.h">
      <Filter>Source Files</Filter>
    </QtMoc>
    <QtMoc Include="src\ui\UIFolderPathBox.h">
      <Filter>Source Files</Filter>
    </QtMoc>
  </ItemGroup>
  <ItemGroup>
    <CustomBuild Include="debug\moc_predefs.h.cbt">
      <Filter>Generated Files</Filter>
    </CustomBuild>
    <CustomBuild Include="release\moc_predefs.h.cbt">
      <Filter>Generated Files</Filter>
    </CustomBuild>
  </ItemGroup>
  <ItemGroup>
    <QtUic Include="src\ui\UIFilePathBox.ui">
      <Filter>Form Files</Filter>
    </QtUic>
    <QtUic Include="src\ui\UIFolderPathBox.ui">
      <Filter>Form Files</Filter>
    </QtUic>
    <QtUic Include="src\ui\UIStatusBar.ui">
      <Filter>Form Files</Filter>
    </QtUic>
  </ItemGroup>
  <ItemGroup>
    <ClInclude Include="src\comboBox.h">
      <Filter>Source Files</Filter>
    </ClInclude>
    <ClInclude Include="src\cpplinq.hpp">
      <Filter>Source Files</Filter>
    </ClInclude>
    <ClInclude Include="src\fs.h">
      <Filter>Source Files</Filter>
    </ClInclude>
    <ClInclude Include="src\helper.h">
      <Filter>Source Files</Filter>
    </ClInclude>
    <ClInclude Include="src\HFusionStyle.h">
      <Filter>Source Files</Filter>
    </ClInclude>
    <ClInclude Include="src\Qtlib.h">
      <Filter>Source Files</Filter>
    </ClInclude>
    <ClInclude Include="src\qtlinq.h">
      <Filter>Source Files</Filter>
    </ClInclude>
    <ClInclude Include="src\widgets.h">
      <Filter>Source Files</Filter>
    </ClInclude>
  </ItemGroup>
  <ItemGroup>
    <QtMoc Include="src\HFramelessWindow.h">
      <Filter>Source Files</Filter>
    </QtMoc>
    <QtMoc Include="src\HLogView.h">
      <Filter>Source Files</Filter>
    </QtMoc>
    <QtMoc Include="src\ui\UIStatusBar.h">
      <Filter>Source Files</Filter>
    </QtMoc>
  </ItemGroup>
</Project>